
Microsoft Visual Studio Solution File, Format Version 12.00
# Visual Studio Version 17
VisualStudioVersion = 17.3.32929.385
MinimumVisualStudioVersion = 10.0.40219.1
Project("{FAE04EC0-301F-11D3-BF4B-00C04F79EFBC}") = "FrmProjectSetup", "FrmProjectSetup\FrmProjectSetup.csproj", "{1875BE52-DB50-4FA5-AC75-D602F4FD3076}"
EndProject
Global
	GlobalSection(SolutionConfigurationPlatforms) = preSolution
		Debug|Any CPU = Debug|Any CPU
		Release|Any CPU = Release|Any CPU
	EndGlobalSection
	GlobalSection(ProjectConfigurationPlatforms) = postSolution
		{1875BE52-DB50-4FA5-AC75-D602F4FD3076}.Debug|Any CPU.ActiveCfg = Debug|Any CPU
		{1875BE52-DB50-4FA5-AC75-D602F4FD3076}.Debug|Any CPU.Build.0 = Debug|Any CPU
		{1875BE52-DB50-4FA5-AC75-D602F4FD3076}.Release|Any CPU.ActiveCfg = Release|Any CPU
		{1875BE52-DB50-4FA5-AC75-D602F4FD3076}.Release|Any CPU.Build.0 = Release|Any CPU
	EndGlobalSection
	GlobalSection(SolutionProperties) = preSolution
		HideSolutionNode = FALSE
	EndGlobalSection
	GlobalSection(ExtensibilityGlobals) = postSolution
		SolutionGuid = {5CAABA25-B438-4CEF-9D0F-7C611381BF1C}
	EndGlobalSection
EndGlobal
